
Microsoft Visual Studio Solution File, Format Version 12.00
# Visual Studio Version 16
VisualStudioVersion = 16.0.29905.134
MinimumVisualStudioVersion = 10.0.40219.1
Project("{FAE04EC0-301F-11D3-BF4B-00C04F79EFBC}") = "Laboratorio4", "Laboratorio4\Laboratorio4.csproj", "{194F9D41-4E19-453E-A7C1-D11F1B9F320E}"
EndProject
Global
	GlobalSection(SolutionConfigurationPlatforms) = preSolution
		Debug|Any CPU = Debug|Any CPU
		Release|Any CPU = Release|Any CPU
	EndGlobalSection
	GlobalSection(ProjectConfigurationPlatforms) = postSolution
		{194F9D41-4E19-453E-A7C1-D11F1B9F320E}.Debug|Any CPU.ActiveCfg = Debug|Any CPU
		{194F9D41-4E19-453E-A7C1-D11F1B9F320E}.Debug|Any CPU.Build.0 = Debug|Any CPU
		{194F9D41-4E19-453E-A7C1-D11F1B9F320E}.Release|Any CPU.ActiveCfg = Release|Any CPU
		{194F9D41-4E19-453E-A7C1-D11F1B9F320E}.Release|Any CPU.Build.0 = Release|Any CPU
	EndGlobalSection
	GlobalSection(SolutionProperties) = preSolution
		HideSolutionNode = FALSE
	EndGlobalSection
	GlobalSection(ExtensibilityGlobals) = postSolution
		SolutionGuid = {BDBFB1EB-A611-40E0-8A45-1ACC127A11D3}
	EndGlobalSection
EndGlobal
